{
  "name": "SP2024-Assignment3-whsodergren",
  "lockfileVersion": 3,
  "requires": true,
  "packages": {
    "": {
      "dependencies": {
        "datatables.net-dt": "^2.0.1"
      }
    },
    "node_modules/datatables.net": {
      "version": "2.0.1",
      "resolved": "https://registry.npmjs.org/datatables.net/-/datatables.net-2.0.1.tgz",
      "integrity": "sha512-VvAZWkjkvEF4i3GprHbXrfHoG7gZPAZ5FWXcvkiL4ELFfLIwPUjt8qzCSml7SH5hI8Lm45DYSnp9d0xl/sWrMw==",
      "dependencies": {
        "jquery": ">=1.7"
      }
    },
    "node_modules/datatables.net-dt": {
      "version": "2.0.1",
      "resolved": "https://registry.npmjs.org/datatables.net-dt/-/datatables.net-dt-2.0.1.tgz",
      "integrity": "sha512-XnhFVxNBdKAnqwQa1iEG38Rlgq8jQV89GK2DZMqGX0/N+X/CdPpGGMjGmPtGyhuzt3v5xRSRsyBl8Uuo61Znuw==",
      "dependencies": {
        "datatables.net": "2.0.1",
        "jquery": ">=1.7"
      }
    },
    "node_modules/jquery": {
      "version": "3.7.1",
      "resolved": "https://registry.npmjs.org/jquery/-/jquery-3.7.1.tgz",
      "integrity": "sha512-m4avr8yL8kmFN8psrbFFFmB/If14iN5o9nw/NgnnM+kybDJpRsAynV2BsfpTYrTRysYUdADVD7CkUUizgkpLfg=="
    }
  }
}
